// !$*UTF8*$!
{
	archiveVersion = 1;
	classes = {
	};
	objectVersion = 46;
	objects = {

/* Begin PBXBuildFile section */
		A08189721F8FA26C00D9DDB4 /* AppDelegate.swift in Sources */ = {isa = PBXBuildFile; fileRef = A08189711F8FA26C00D9DDB4 /* AppDelegate.swift */; };
		A08189741F8FA26C00D9DDB4 /* ViewController.swift in Sources */ = {isa = PBXBuildFile; fileRef = A08189731F8FA26C00D9DDB4 /* ViewController.swift */; };
		A08189771F8FA26C00D9DDB4 /* Main.storyboard in Resources */ = {isa = PBXBuildFile; fileRef = A08189751F8FA26C00D9DDB4 /* Main.storyboard */; };
		A08189791F8FA26C00D9DDB4 /* Assets.xcassets in Resources */ = {isa = PBXBuildFile; fileRef = A08189781F8FA26C00D9DDB4 /* Assets.xcassets */; };
		A081897C1F8FA26C00D9DDB4 /* LaunchScreen.storyboard in Resources */ = {isa = PBXBuildFile; fileRef = A081897A1F8FA26C00D9DDB4 /* LaunchScreen.storyboard */; };
		A08189871F8FA26C00D9DDB4 /* LabStopwatchTests.swift in Sources */ = {isa = PBXBuildFile; fileRef = A08189861F8FA26C00D9DDB4 /* LabStopwatchTests.swift */; };
		A08189921F8FA26D00D9DDB4 /* LabStopwatchUITests.swift in Sources */ = {isa = PBXBuildFile; fileRef = A08189911F8FA26D00D9DDB4 /* LabStopwatchUITests.swift */; };
/* End PBXBuildFile section */

/* Begin PBXContainerItemProxy section */
		A08189831F8FA26C00D9DDB4 /* PBXContainerItemProxy */ = {
			isa = PBXContainerItemProxy;
			containerPortal = A08189661F8FA26C00D9DDB4 /* Project object */;
			proxyType = 1;
			remoteGlobalIDString = A081896D1F8FA26C00D9DDB4;
			remoteInfo = LabStopwatch;
		};
		A081898E1F8FA26D00D9DDB4 /* PBXContainerItemProxy */ = {
			isa = PBXContainerItemProxy;
			containerPortal = A08189661F8FA26C00D9DDB4 /* Project object */;
			proxyType = 1;
			remoteGlobalIDString = A081896D1F8FA26C00D9DDB4;
			remoteInfo = LabStopwatch;
		};
/* End PBXContainerItemProxy section */

/* Begin PBXFileReference section */
		A081896E1F8FA26C00D9DDB4 /* LabStopwatch.app */ = {isa = PBXFileReference; explicitFileType = wrapper.application; includeInIndex = 0; path = LabStopwatch.app; sourceTree = BUILT_PRODUCTS_DIR; };
		A08189711F8FA26C00D9DDB4 /* AppDelegate.swift */ = {isa = PBXFileReference; lastKnownFileType = sourcecode.swift; path = AppDelegate.swift; sourceTree = "<group>"; };
		A08189731F8FA26C00D9DDB4 /* ViewController.swift */ = {isa = PBXFileReference; lastKnownFileType = sourcecode.swift; path = ViewController.swift; sourceTree = "<group>"; };
		A08189761F8FA26C00D9DDB4 /* Base */ = {isa = PBXFileReference; lastKnownFileType = file.storyboard; name = Base; path = Base.lproj/Main.storyboard; sourceTree = "<group>"; };
		A08189781F8FA26C00D9DDB4 /* Assets.xcassets */ = {isa = PBXFileReference; lastKnownFileType = folder.assetcatalog; path = Assets.xcassets; sourceTree = "<group>"; };
		A081897B1F8FA26C00D9DDB4 /* Base */ = {isa = PBXFileReference; lastKnownFileType = file.storyboard; name = Base; path = Base.lproj/LaunchScreen.storyboard; sourceTree = "<group>"; };
		A081897D1F8FA26C00D9DDB4 /* Info.plist */ = {isa = PBXFileReference; lastKnownFileType = text.plist.xml; path = Info.plist; sourceTree = "<group>"; };
		A08189821F8FA26C00D9DDB4 /* LabStopwatchTests.xctest */ = {isa = PBXFileReference; explicitFileType = wrapper.cfbundle; includeInIndex = 0; path = LabStopwatchTests.xctest; sourceTree = BUILT_PRODUCTS_DIR; };
		A08189861F8FA26C00D9DDB4 /* LabStopwatchTests.swift */ = {isa = PBXFileReference; lastKnownFileType = sourcecode.swift; path = LabStopwatchTests.swift; sourceTree = "<group>"; };
		A08189881F8FA26C00D9DDB4 /* Info.plist */ = {isa = PBXFileReference; lastKnownFileType = text.plist.xml; path = Info.plist; sourceTree = "<group>"; };
		A081898D1F8FA26D00D9DDB4 /* LabStopwatchUITests.xctest */ = {isa = PBXFileReference; explicitFileType = wrapper.cfbundle; includeInIndex = 0; path = LabStopwatchUITests.xctest; sourceTree = BUILT_PRODUCTS_DIR; };
		A08189911F8FA26D00D9DDB4 /* LabStopwatchUITests.swift */ = {isa = PBXFileReference; lastKnownFileType = sourcecode.swift; path = LabStopwatchUITests.swift; sourceTree = "<group>"; };
		A08189931F8FA26D00D9DDB4 /* Info.plist */ = {isa = PBXFileReference; lastKnownFileType = text.plist.xml; path = Info.plist; sourceTree = "<group>"; };
/* End PBXFileReference section */

/* Begin PBXFrameworksBuildPhase section */
		A081896B1F8FA26C00D9DDB4 /* Frameworks */ = {
			isa = PBXFrameworksBuildPhase;
			buildActionMask = 2147483647;
			files = (
			);
			runOnlyForDeploymentPostprocessing = 0;
		};
		A081897F1F8FA26C00D9DDB4 /* Frameworks */ = {
			isa = PBXFrameworksBuildPhase;
			buildActionMask = 2147483647;
			files = (
			);
			runOnlyForDeploymentPostprocessing = 0;
		};
		A081898A1F8FA26D00D9DDB4 /* Frameworks */ = {
			isa = PBXFrameworksBuildPhase;
			buildActionMask = 2147483647;
			files = (
			);
			runOnlyForDeploymentPostprocessing = 0;
		};
/* End PBXFrameworksBuildPhase section */

/* Begin PBXGroup section */
		A08189651F8FA26C00D9DDB4 = {
			isa = PBXGroup;
			children = (
				A08189701F8FA26C00D9DDB4 /* LabStopwatch */,
				A08189851F8FA26C00D9DDB4 /* LabStopwatchTests */,
				A08189901F8FA26D00D9DDB4 /* LabStopwatchUITests */,
				A081896F1F8FA26C00D9DDB4 /* Products */,
			);
			sourceTree = "<group>";
		};
		A081896F1F8FA26C00D9DDB4 /* Products */ = {
			isa = PBXGroup;
			children = (
				A081896E1F8FA26C00D9DDB4 /* LabStopwatch.app */,
				A08189821F8FA26C00D9DDB4 /* LabStopwatchTests.xctest */,
				A081898D1F8FA26D00D9DDB4 /* LabStopwatchUITests.xctest */,
			);
			name = Products;
			sourceTree = "<group>";
		};
		A08189701F8FA26C00D9DDB4 /* LabStopwatch */ = {
			isa = PBXGroup;
			children = (
				A08189711F8FA26C00D9DDB4 /* AppDelegate.swift */,
				A08189731F8FA26C00D9DDB4 /* ViewController.swift */,
				A08189751F8FA26C00D9DDB4 /* Main.storyboard */,
				A08189781F8FA26C00D9DDB4 /* Assets.xcassets */,
				A081897A1F8FA26C00D9DDB4 /* LaunchScreen.storyboard */,
				A081897D1F8FA26C00D9DDB4 /* Info.plist */,
			);
			path = LabStopwatch;
			sourceTree = "<group>";
		};
		A08189851F8FA26C00D9DDB4 /* LabStopwatchTests */ = {
			isa = PBXGroup;
			children = (
				A08189861F8FA26C00D9DDB4 /* LabStopwatchTests.swift */,
				A08189881F8FA26C00D9DDB4 /* Info.plist */,
			);
			path = LabStopwatchTests;
			sourceTree = "<group>";
		};
		A08189901F8FA26D00D9DDB4 /* LabStopwatchUITests */ = {
			isa = PBXGroup;
			children = (
				A08189911F8FA26D00D9DDB4 /* LabStopwatchUITests.swift */,
				A08189931F8FA26D00D9DDB4 /* Info.plist */,
			);
			path = LabStopwatchUITests;
			sourceTree = "<group>";
		};
/* End PBXGroup section */

/* Begin PBXNativeTarget section */
		A081896D1F8FA26C00D9DDB4 /* LabStopwatch */ = {
			isa = PBXNativeTarget;
			buildConfigurationList = A08189961F8FA26D00D9DDB4 /* Build configuration list for PBXNativeTarget "LabStopwatch" */;
			buildPhases = (
				A081896A1F8FA26C00D9DDB4 /* Sources */,
				A081896B1F8FA26C00D9DDB4 /* Frameworks */,
				A081896C1F8FA26C00D9DDB4 /* Resources */,
			);
			buildRules = (
			);
			dependencies = (
			);
			name = LabStopwatch;
			productName = LabStopwatch;
			productReference = A081896E1F8FA26C00D9DDB4 /* LabStopwatch.app */;
			productType = "com.apple.product-type.application";
		};
		A08189811F8FA26C00D9DDB4 /* LabStopwatchTests */ = {
			isa = PBXNativeTarget;
			buildConfigurationList = A08189991F8FA26D00D9DDB4 /* Build configuration list for PBXNativeTarget "LabStopwatchTests" */;
			buildPhases = (
				A081897E1F8FA26C00D9DDB4 /* Sources */,
				A081897F1F8FA26C00D9DDB4 /* Frameworks */,
				A08189801F8FA26C00D9DDB4 /* Resources */,
			);
			buildRules = (
			);
			dependencies = (
				A08189841F8FA26C00D9DDB4 /* PBXTargetDependency */,
			);
			name = LabStopwatchTests;
			productName = LabStopwatchTests;
			productReference = A08189821F8FA26C00D9DDB4 /* LabStopwatchTests.xctest */;
			productType = "com.apple.product-type.bundle.unit-test";
		};
		A081898C1F8FA26D00D9DDB4 /* LabStopwatchUITests */ = {
			isa = PBXNativeTarget;
			buildConfigurationList = A081899C1F8FA26D00D9DDB4 /* Build configuration list for PBXNativeTarget "LabStopwatchUITests" */;
			buildPhases = (
				A08189891F8FA26D00D9DDB4 /* Sources */,
				A081898A1F8FA26D00D9DDB4 /* Frameworks */,
				A081898B1F8FA26D00D9DDB4 /* Resources */,
			);
			buildRules = (
			);
			dependencies = (
				A081898F1F8FA26D00D9DDB4 /* PBXTargetDependency */,
			);
			name = LabStopwatchUITests;
			productName = LabStopwatchUITests;
			productReference = A081898D1F8FA26D00D9DDB4 /* LabStopwatchUITests.xctest */;
			productType = "com.apple.product-type.bundle.ui-testing";
		};
/* End PBXNativeTarget section */

/* Begin PBXProject section */
		A08189661F8FA26C00D9DDB4 /* Project object */ = {
			isa = PBXProject;
			attributes = {
				LastSwiftUpdateCheck = 0830;
				LastUpgradeCheck = 0830;
				ORGANIZATIONNAME = "mac os";
				TargetAttributes = {
					A081896D1F8FA26C00D9DDB4 = {
						CreatedOnToolsVersion = 8.3.3;
						ProvisioningStyle = Automatic;
					};
					A08189811F8FA26C00D9DDB4 = {
						CreatedOnToolsVersion = 8.3.3;
						ProvisioningStyle = Automatic;
						TestTargetID = A081896D1F8FA26C00D9DDB4;
					};
					A081898C1F8FA26D00D9DDB4 = {
						CreatedOnToolsVersion = 8.3.3;
						ProvisioningStyle = Automatic;
						TestTargetID = A081896D1F8FA26C00D9DDB4;
					};
				};
			};
			buildConfigurationList = A08189691F8FA26C00D9DDB4 /* Build configuration list for PBXProject "LabStopwatch" */;
			compatibilityVersion = "Xcode 3.2";
			developmentRegion = English;
			hasScannedForEncodings = 0;
			knownRegions = (
				en,
				Base,
			);
			mainGroup = A08189651F8FA26C00D9DDB4;
			productRefGroup = A081896F1F8FA26C00D9DDB4 /* Products */;
			projectDirPath = "";
			projectRoot = "";
			targets = (
				A081896D1F8FA26C00D9DDB4 /* LabStopwatch */,
				A08189811F8FA26C00D9DDB4 /* LabStopwatchTests */,
				A081898C1F8FA26D00D9DDB4 /* LabStopwatchUITests */,
			);
		};
/* End PBXProject section */

/* Begin PBXResourcesBuildPhase section */
		A081896C1F8FA26C00D9DDB4 /* Resources */ = {
			isa = PBXResourcesBuildPhase;
			buildActionMask = 2147483647;
			files = (
				A081897C1F8FA26C00D9DDB4 /* LaunchScreen.storyboard in Resources */,
				A08189791F8FA26C00D9DDB4 /* Assets.xcassets in Resources */,
				A08189771F8FA26C00D9DDB4 /* Main.storyboard in Resources */,
			);
			runOnlyForDeploymentPostprocessing = 0;
		};
		A08189801F8FA26C00D9DDB4 /* Resources */ = {
			isa = PBXResourcesBuildPhase;
			buildActionMask = 2147483647;
			files = (
			);
			runOnlyForDeploymentPostprocessing = 0;
		};
		A081898B1F8FA26D00D9DDB4 /* Resources */ = {
			isa = PBXResourcesBuildPhase;
			buildActionMask = 2147483647;
			files = (
			);
			runOnlyForDeploymentPostprocessing = 0;
		};
/* End PBXResourcesBuildPhase section */

/* Begin PBXSourcesBuildPhase section */
		A081896A1F8FA26C00D9DDB4 /* Sources */ = {
			isa = PBXSourcesBuildPhase;
			buildActionMask = 2147483647;
			files = (
				A08189741F8FA26C00D9DDB4 /* ViewController.swift in Sources */,
				A08189721F8FA26C00D9DDB4 /* AppDelegate.swift in Sources */,
			);
			runOnlyForDeploymentPostprocessing = 0;
		};
		A081897E1F8FA26C00D9DDB4 /* Sources */ = {
			isa = PBXSourcesBuildPhase;
			buildActionMask = 2147483647;
			files = (
				A08189871F8FA26C00D9DDB4 /* LabStopwatchTests.swift in Sources */,
			);
			runOnlyForDeploymentPostprocessing = 0;
		};
		A08189891F8FA26D00D9DDB4 /* Sources */ = {
			isa = PBXSourcesBuildPhase;
			buildActionMask = 2147483647;
			files = (
				A08189921F8FA26D00D9DDB4 /* LabStopwatchUITests.swift in Sources */,
			);
			runOnlyForDeploymentPostprocessing = 0;
		};
/* End PBXSourcesBuildPhase section */

/* Begin PBXTargetDependency section */
		A08189841F8FA26C00D9DDB4 /* PBXTargetDependency */ = {
			isa = PBXTargetDependency;
			target = A081896D1F8FA26C00D9DDB4 /* LabStopwatch */;
			targetProxy = A08189831F8FA26C00D9DDB4 /* PBXContainerItemProxy */;
		};
		A081898F1F8FA26D00D9DDB4 /* PBXTargetDependency */ = {
			isa = PBXTargetDependency;
			target = A081896D1F8FA26C00D9DDB4 /* LabStopwatch */;
			targetProxy = A081898E1F8FA26D00D9DDB4 /* PBXContainerItemProxy */;
		};
/* End PBXTargetDependency section */

/* Begin PBXVariantGroup section */
		A08189751F8FA26C00D9DDB4 /* Main.storyboard */ = {
			isa = PBXVariantGroup;
			children = (
				A08189761F8FA26C00D9DDB4 /* Base */,
			);
			name = Main.storyboard;
			sourceTree = "<group>";
		};
		A081897A1F8FA26C00D9DDB4 /* LaunchScreen.storyboard */ = {
			isa = PBXVariantGroup;
			children = (
				A081897B1F8FA26C00D9DDB4 /* Base */,
			);
			name = LaunchScreen.storyboard;
			sourceTree = "<group>";
		};
/* End PBXVariantGroup section */

/* Begin XCBuildConfiguration section */
		A08189941F8FA26D00D9DDB4 /* Debug */ = {
			isa = XCBuildConfiguration;
			buildSettings = {
				ALWAYS_SEARCH_USER_PATHS = NO;
				CLANG_ANALYZER_NONNULL = YES;
				CLANG_ANALYZER_NUMBER_OBJECT_CONVERSION = YES_AGGRESSIVE;
				CLANG_CXX_LANGUAGE_STANDARD = "gnu++0x";
				CLANG_CXX_LIBRARY = "libc++";
				CLANG_ENABLE_MODULES = YES;
				CLANG_ENABLE_OBJC_ARC = YES;
				CLANG_WARN_BOOL_CONVERSION = YES;
				CLANG_WARN_CONSTANT_CONVERSION = YES;
				CLANG_WARN_DIRECT_OBJC_ISA_USAGE = YES_ERROR;
				CLANG_WARN_DOCUMENTATION_COMMENTS = YES;
				CLANG_WARN_EMPTY_BODY = YES;
				CLANG_WARN_ENUM_CONVERSION = YES;
				CLANG_WARN_INFINITE_RECURSION = YES;
				CLANG_WARN_INT_CONVERSION = YES;
				CLANG_WARN_OBJC_ROOT_CLASS = YES_ERROR;
				CLANG_WARN_SUSPICIOUS_MOVE = YES;
				CLANG_WARN_UNREACHABLE_CODE = YES;
				CLANG_WARN__DUPLICATE_METHOD_MATCH = YES;
				"CODE_SIGN_IDENTITY[sdk=iphoneos*]" = "iPhone Developer";
				COPY_PHASE_STRIP = NO;
				DEBUG_INFORMATION_FORMAT = dwarf;
				ENABLE_STRICT_OBJC_MSGSEND = YES;
				ENABLE_TESTABILITY = YES;
				GCC_C_LANGUAGE_STANDARD = gnu99;
				GCC_DYNAMIC_NO_PIC = NO;
				GCC_NO_COMMON_BLOCKS = YES;
				GCC_OPTIMIZATION_LEVEL = 0;
				GCC_PREPROCESSOR_DEFINITIONS = (
					"DEBUG=1",
					"$(inherited)",
				);
				GCC_WARN_64_TO_32_BIT_CONVERSION = YES;
				GCC_WARN_ABOUT_RETURN_TYPE = YES_ERROR;
				GCC_WARN_UNDECLARED_SELECTOR = YES;
				GCC_WARN_UNINITIALIZED_AUTOS = YES_AGGRESSIVE;
				GCC_WARN_UNUSED_FUNCTION = YES;
				GCC_WARN_UNUSED_VARIABLE = YES;
				IPHONEOS_DEPLOYMENT_TARGET = 10.3;
				MTL_ENABLE_DEBUG_INFO = YES;
				ONLY_ACTIVE_ARCH = YES;
				SDKROOT = iphoneos;
				SWIFT_ACTIVE_COMPILATION_CONDITIONS = DEBUG;
				SWIFT_OPTIMIZATION_LEVEL = "-Onone";
			};
			name = Debug;
		};
		A08189951F8FA26D00D9DDB4 /* Release */ = {
			isa = XCBuildConfiguration;
			buildSettings = {
				ALWAYS_SEARCH_USER_PATHS = NO;
				CLANG_ANALYZER_NONNULL = YES;
				CLANG_ANALYZER_NUMBER_OBJECT_CONVERSION = YES_AGGRESSIVE;
				CLANG_CXX_LANGUAGE_STANDARD = "gnu++0x";
				CLANG_CXX_LIBRARY = "libc++";
				CLANG_ENABLE_MODULES = YES;
				CLANG_ENABLE_OBJC_ARC = YES;
				CLANG_WARN_BOOL_CONVERSION = YES;
				CLANG_WARN_CONSTANT_CONVERSION = YES;
				CLANG_WARN_DIRECT_OBJC_ISA_USAGE = YES_ERROR;
				CLANG_WARN_DOCUMENTATION_COMMENTS = YES;
				CLANG_WARN_EMPTY_BODY = YES;
				CLANG_WARN_ENUM_CONVERSION = YES;
				CLANG_WARN_INFINITE_RECURSION = YES;
				CLANG_WARN_INT_CONVERSION = YES;
				CLANG_WARN_OBJC_ROOT_CLASS = YES_ERROR;
				CLANG_WARN_SUSPICIOUS_MOVE = YES;
				CLANG_WARN_UNREACHABLE_CODE = YES;
				CLANG_WARN__DUPLICATE_METHOD_MATCH = YES;
				"CODE_SIGN_IDENTITY[sdk=iphoneos*]" = "iPhone Developer";
				COPY_PHASE_STRIP = NO;
				DEBUG_INFORMATION_FORMAT = "dwarf-with-dsym";
				ENABLE_NS_ASSERTIONS = NO;
				ENABLE_STRICT_OBJC_MSGSEND = YES;
				GCC_C_LANGUAGE_STANDARD = gnu99;
				GCC_NO_COMMON_BLOCKS = YES;
				GCC_WARN_64_TO_32_BIT_CONVERSION = YES;
				GCC_WARN_ABOUT_RETURN_TYPE = YES_ERROR;
				GCC_WARN_UNDECLARED_SELECTOR = YES;
				GCC_WARN_UNINITIALIZED_AUTOS = YES_AGGRESSIVE;
				GCC_WARN_UNUSED_FUNCTION = YES;
				GCC_WARN_UNUSED_VARIABLE = YES;
				IPHONEOS_DEPLOYMENT_TARGET = 10.3;
				MTL_ENABLE_DEBUG_INFO = NO;
				SDKROOT = iphoneos;
				SWIFT_OPTIMIZATION_LEVEL = "-Owholemodule";
				VALIDATE_PRODUCT = YES;
			};
			name = Release;
		};
		A08189971F8FA26D00D9DDB4 /* Debug */ = {
			isa = XCBuildConfiguration;
			buildSettings = {
				ASSETCATALOG_COMPILER_APPICON_NAME = AppIcon;
				INFOPLIST_FILE = LabStopwatch/Info.plist;
				LD_RUNPATH_SEARCH_PATHS = "$(inherited) @executable_path/Frameworks";
				PRODUCT_BUNDLE_IDENTIFIER = com.riorpl.LabStopwatch;
				PRODUCT_NAME = "$(TARGET_NAME)";
				SWIFT_VERSION = 3.0;
			};
			name = Debug;
		};
		A08189981F8FA26D00D9DDB4 /* Release */ = {
			isa = XCBuildConfiguration;
			buildSettings = {
				ASSETCATALOG_COMPILER_APPICON_NAME = AppIcon;
				INFOPLIST_FILE = LabStopwatch/Info.plist;
				LD_RUNPATH_SEARCH_PATHS = "$(inherited) @executable_path/Frameworks";
				PRODUCT_BUNDLE_IDENTIFIER = com.riorpl.LabStopwatch;
				PRODUCT_NAME = "$(TARGET_NAME)";
				SWIFT_VERSION = 3.0;
			};
			name = Release;
		};
		A081899A1F8FA26D00D9DDB4 /* Debug */ = {
			isa = XCBuildConfiguration;
			buildSettings = {
				ALWAYS_EMBED_SWIFT_STANDARD_LIBRARIES = YES;
				BUNDLE_LOADER = "$(TEST_HOST)";
				INFOPLIST_FILE = LabStopwatchTests/Info.plist;
				LD_RUNPATH_SEARCH_PATHS = "$(inherited) @executable_path/Frameworks @loader_path/Frameworks";
				PRODUCT_BUNDLE_IDENTIFIER = com.riorpl.LabStopwatchTests;
				PRODUCT_NAME = "$(TARGET_NAME)";
				SWIFT_VERSION = 3.0;
				TEST_HOST = "$(BUILT_PRODUCTS_DIR)/LabStopwatch.app/LabStopwatch";
			};
			name = Debug;
		};
		A081899B1F8FA26D00D9DDB4 /* Release */ = {
			isa = XCBuildConfiguration;
			buildSettings = {
				ALWAYS_EMBED_SWIFT_STANDARD_LIBRARIES = YES;
				BUNDLE_LOADER = "$(TEST_HOST)";
				INFOPLIST_FILE = LabStopwatchTests/Info.plist;
				LD_RUNPATH_SEARCH_PATHS = "$(inherited) @executable_path/Frameworks @loader_path/Frameworks";
				PRODUCT_BUNDLE_IDENTIFIER = com.riorpl.LabStopwatchTests;
				PRODUCT_NAME = "$(TARGET_NAME)";
				SWIFT_VERSION = 3.0;
				TEST_HOST = "$(BUILT_PRODUCTS_DIR)/LabStopwatch.app/LabStopwatch";
			};
			name = Release;
		};
		A081899D1F8FA26D00D9DDB4 /* Debug */ = {
			isa = XCBuildConfiguration;
			buildSettings = {
				ALWAYS_EMBED_SWIFT_STANDARD_LIBRARIES = YES;
				INFOPLIST_FILE = LabStopwatchUITests/Info.plist;
				LD_RUNPATH_SEARCH_PATHS = "$(inherited) @executable_path/Frameworks @loader_path/Frameworks";
				PRODUCT_BUNDLE_IDENTIFIER = com.riorpl.LabStopwatchUITests;
				PRODUCT_NAME = "$(TARGET_NAME)";
				SWIFT_VERSION = 3.0;
				TEST_TARGET_NAME = LabStopwatch;
			};
			name = Debug;
		};
		A081899E1F8FA26D00D9DDB4 /* Release */ = {
			isa = XCBuildConfiguration;
			buildSettings = {
				ALWAYS_EMBED_SWIFT_STANDARD_LIBRARIES = YES;
				INFOPLIST_FILE = LabStopwatchUITests/Info.plist;
				LD_RUNPATH_SEARCH_PATHS = "$(inherited) @executable_path/Frameworks @loader_path/Frameworks";
				PRODUCT_BUNDLE_IDENTIFIER = com.riorpl.LabStopwatchUITests;
				PRODUCT_NAME = "$(TARGET_NAME)";
				SWIFT_VERSION = 3.0;
				TEST_TARGET_NAME = LabStopwatch;
			};
			name = Release;
		};
/* End XCBuildConfiguration section */

/* Begin XCConfigurationList section */
		A08189691F8FA26C00D9DDB4 /* Build configuration list for PBXProject "LabStopwatch" */ = {
			isa = XCConfigurationList;
			buildConfigurations = (
				A08189941F8FA26D00D9DDB4 /* Debug */,
				A08189951F8FA26D00D9DDB4 /* Release */,
			);
			defaultConfigurationIsVisible = 0;
			defaultConfigurationName = Release;
		};
		A08189961F8FA26D00D9DDB4 /* Build configuration list for PBXNativeTarget "LabStopwatch" */ = {
			isa = XCConfigurationList;
			buildConfigurations = (
				A08189971F8FA26D00D9DDB4 /* Debug */,
				A08189981F8FA26D00D9DDB4 /* Release */,
			);
			defaultConfigurationIsVisible = 0;
		};
		A08189991F8FA26D00D9DDB4 /* Build configuration list for PBXNativeTarget "LabStopwatchTests" */ = {
			isa = XCConfigurationList;
			buildConfigurations = (
				A081899A1F8FA26D00D9DDB4 /* Debug */,
				A081899B1F8FA26D00D9DDB4 /* Release */,
			);
			defaultConfigurationIsVisible = 0;
		};
		A081899C1F8FA26D00D9DDB4 /* Build configuration list for PBXNativeTarget "LabStopwatchUITests" */ = {
			isa = XCConfigurationList;
			buildConfigurations = (
				A081899D1F8FA26D00D9DDB4 /* Debug */,
				A081899E1F8FA26D00D9DDB4 /* Release */,
			);
			defaultConfigurationIsVisible = 0;
		};
/* End XCConfigurationList section */
	};
	rootObject = A08189661F8FA26C00D9DDB4 /* Project object */;
}
